
Microsoft Visual Studio Solution File, Format Version 12.00
# Visual Studio Version 16
VisualStudioVersion = 16.0.30225.117
MinimumVisualStudioVersion = 10.0.40219.1
Project("{9A19103F-16F7-4668-BE54-9A1E7A4F7556}") = "FAQFunctionApp", "FAQFunctionApp\FAQFunctionApp.csproj", "{1A97B638-F2FD-4FFE-A616-B887682EFC2C}"
EndProject
Project("{2150E333-8FDC-42A3-9474-1A3956D46DE8}") = "FAQ", "FAQ", "{74A23519-6A38-4BDB-BD68-3ABBBE59043C}"
EndProject
Project("{FAE04EC0-301F-11D3-BF4B-00C04F79EFBC}") = "FAQUIApp", "FAQUIApp\FAQUIApp.csproj", "{F3A4D8EB-DEA1-44EA-9B76-9F9400FFA28F}"
EndProject
Global
	GlobalSection(SolutionConfigurationPlatforms) = preSolution
		Debug|Any CPU = Debug|Any CPU
		Release|Any CPU = Release|Any CPU
	EndGlobalSection
	GlobalSection(ProjectConfigurationPlatforms) = postSolution
		{1A97B638-F2FD-4FFE-A616-B887682EFC2C}.Debug|Any CPU.ActiveCfg = Debug|Any CPU
		{1A97B638-F2FD-4FFE-A616-B887682EFC2C}.Debug|Any CPU.Build.0 = Debug|Any CPU
		{1A97B638-F2FD-4FFE-A616-B887682EFC2C}.Release|Any CPU.ActiveCfg = Release|Any CPU
		{1A97B638-F2FD-4FFE-A616-B887682EFC2C}.Release|Any CPU.Build.0 = Release|Any CPU
		{F3A4D8EB-DEA1-44EA-9B76-9F9400FFA28F}.Debug|Any CPU.ActiveCfg = Debug|Any CPU
		{F3A4D8EB-DEA1-44EA-9B76-9F9400FFA28F}.Debug|Any CPU.Build.0 = Debug|Any CPU
		{F3A4D8EB-DEA1-44EA-9B76-9F9400FFA28F}.Release|Any CPU.ActiveCfg = Release|Any CPU
		{F3A4D8EB-DEA1-44EA-9B76-9F9400FFA28F}.Release|Any CPU.Build.0 = Release|Any CPU
	EndGlobalSection
	GlobalSection(SolutionProperties) = preSolution
		HideSolutionNode = FALSE
	EndGlobalSection
	GlobalSection(NestedProjects) = preSolution
		{1A97B638-F2FD-4FFE-A616-B887682EFC2C} = {74A23519-6A38-4BDB-BD68-3ABBBE59043C}
		{F3A4D8EB-DEA1-44EA-9B76-9F9400FFA28F} = {74A23519-6A38-4BDB-BD68-3ABBBE59043C}
	EndGlobalSection
	GlobalSection(ExtensibilityGlobals) = postSolution
		SolutionGuid = {1FD88B78-627E-4669-B579-7CCDD8CB0A3A}
	EndGlobalSection
EndGlobal
